
Microsoft Visual Studio Solution File, Format Version 12.00
# Visual Studio 15
VisualStudioVersion = 15.0.28306.52
MinimumVisualStudioVersion = 10.0.40219.1
Project("{9A19103F-16F7-4668-BE54-9A1E7A4F7556}") = "PlayersApi", "PlayersApi\PlayersApi.csproj", "{180C5A08-8E1C-4D0A-8A8B-89D4CC64BD09}"
EndProject
Project("{9A19103F-16F7-4668-BE54-9A1E7A4F7556}") = "PlayersApi.BadgesService", "PlayersApi.BadgesService\PlayersApi.BadgesService.csproj", "{2D06939B-A858-4B2B-BC7E-5617D2D26687}"
EndProject
Global
	GlobalSection(SolutionConfigurationPlatforms) = preSolution
		Debug|Any CPU = Debug|Any CPU
		Release|Any CPU = Release|Any CPU
	EndGlobalSection
	GlobalSection(ProjectConfigurationPlatforms) = postSolution
		{180C5A08-8E1C-4D0A-8A8B-89D4CC64BD09}.Debug|Any CPU.ActiveCfg = Debug|Any CPU
		{180C5A08-8E1C-4D0A-8A8B-89D4CC64BD09}.Debug|Any CPU.Build.0 = Debug|Any CPU
		{180C5A08-8E1C-4D0A-8A8B-89D4CC64BD09}.Release|Any CPU.ActiveCfg = Release|Any CPU
		{180C5A08-8E1C-4D0A-8A8B-89D4CC64BD09}.Release|Any CPU.Build.0 = Release|Any CPU
		{2D06939B-A858-4B2B-BC7E-5617D2D26687}.Debug|Any CPU.ActiveCfg = Debug|Any CPU
		{2D06939B-A858-4B2B-BC7E-5617D2D26687}.Debug|Any CPU.Build.0 = Debug|Any CPU
		{2D06939B-A858-4B2B-BC7E-5617D2D26687}.Release|Any CPU.ActiveCfg = Release|Any CPU
		{2D06939B-A858-4B2B-BC7E-5617D2D26687}.Release|Any CPU.Build.0 = Release|Any CPU
	EndGlobalSection
	GlobalSection(SolutionProperties) = preSolution
		HideSolutionNode = FALSE
	EndGlobalSection
	GlobalSection(ExtensibilityGlobals) = postSolution
		SolutionGuid = {DB0E9614-F87C-454D-8D51-293011923C9D}
	EndGlobalSection
EndGlobal
